
Microsoft Visual Studio Solution File, Format Version 12.00
# Visual Studio Version 16
VisualStudioVersion = 16.0.810.16
MinimumVisualStudioVersion = 10.0.40219.1
Project("{FAE04EC0-301F-11D3-BF4B-00C04F79EFBC}") = "MyFirstASPNETWebApp", "MyFirstASPNETWebApp\MyFirstASPNETWebApp.csproj", "{7711F619-4D31-4E2E-B33C-BCDC1C9F3AC5}"
EndProject
Global
	GlobalSection(SolutionConfigurationPlatforms) = preSolution
		Debug|Any CPU = Debug|Any CPU
		Release|Any CPU = Release|Any CPU
	EndGlobalSection
	GlobalSection(ProjectConfigurationPlatforms) = postSolution
		{7711F619-4D31-4E2E-B33C-BCDC1C9F3AC5}.Debug|Any CPU.ActiveCfg = Debug|Any CPU
		{7711F619-4D31-4E2E-B33C-BCDC1C9F3AC5}.Debug|Any CPU.Build.0 = Debug|Any CPU
		{7711F619-4D31-4E2E-B33C-BCDC1C9F3AC5}.Release|Any CPU.ActiveCfg = Release|Any CPU
		{7711F619-4D31-4E2E-B33C-BCDC1C9F3AC5}.Release|Any CPU.Build.0 = Release|Any CPU
	EndGlobalSection
	GlobalSection(SolutionProperties) = preSolution
		HideSolutionNode = FALSE
	EndGlobalSection
	GlobalSection(ExtensibilityGlobals) = postSolution
		SolutionGuid = {1C0EB65A-42C1-416F-8224-DAA3EF111F78}
	EndGlobalSection
EndGlobal
